
Microsoft Visual Studio Solution File, Format Version 12.00
# Visual Studio 15
VisualStudioVersion = 15.0.26430.4
MinimumVisualStudioVersion = 10.0.40219.1
Project("{FAE04EC0-301F-11D3-BF4B-00C04F79EFBC}") = "Exchange", "Exchange\Exchange.csproj", "{8DB20DBD-ADC1-4395-B6B2-A884EDAFD060}"
EndProject
Project("{FAE04EC0-301F-11D3-BF4B-00C04F79EFBC}") = "Exchange.Tests", "Exchange.Tests\Exchange.Tests.csproj", "{F030C306-E099-4731-B466-0E43E9D4A986}"
EndProject
Global
	GlobalSection(SolutionConfigurationPlatforms) = preSolution
		Debug|Any CPU = Debug|Any CPU
		Release|Any CPU = Release|Any CPU
	EndGlobalSection
	GlobalSection(ProjectConfigurationPlatforms) = postSolution
		{8DB20DBD-ADC1-4395-B6B2-A884EDAFD060}.Debug|Any CPU.ActiveCfg = Debug|Any CPU
		{8DB20DBD-ADC1-4395-B6B2-A884EDAFD060}.Debug|Any CPU.Build.0 = Debug|Any CPU
		{8DB20DBD-ADC1-4395-B6B2-A884EDAFD060}.Release|Any CPU.ActiveCfg = Release|Any CPU
		{8DB20DBD-ADC1-4395-B6B2-A884EDAFD060}.Release|Any CPU.Build.0 = Release|Any CPU
		{F030C306-E099-4731-B466-0E43E9D4A986}.Debug|Any CPU.ActiveCfg = Debug|Any CPU
		{F030C306-E099-4731-B466-0E43E9D4A986}.Debug|Any CPU.Build.0 = Debug|Any CPU
		{F030C306-E099-4731-B466-0E43E9D4A986}.Release|Any CPU.ActiveCfg = Release|Any CPU
		{F030C306-E099-4731-B466-0E43E9D4A986}.Release|Any CPU.Build.0 = Release|Any CPU
	EndGlobalSection
	GlobalSection(SolutionProperties) = preSolution
		HideSolutionNode = FALSE
	EndGlobalSection
EndGlobal
